
Microsoft Visual Studio Solution File, Format Version 12.00
Project("{FAE04EC0-301F-11D3-BF4B-00C04F79EFBC}") = "CakeStore.Presentation", "CakeStore.Presentation\CakeStore.Presentation.csproj", "{A5D87DB4-F1DC-4664-9BB5-97EE34DA3C44}"
EndProject
Project("{2150E333-8FDC-42A3-9474-1A3956D46DE8}") = "Shared", "Shared", "{016EC036-5CBE-469F-82C5-4F7405AB91A8}"
EndProject
Project("{2150E333-8FDC-42A3-9474-1A3956D46DE8}") = "Core", "Core", "{57F3A4B9-C28D-4898-8C05-D7E9F0CEB403}"
EndProject
Project("{2150E333-8FDC-42A3-9474-1A3956D46DE8}") = "Application", "Application", "{B7C93F8E-AFE5-4404-9140-76754CD3C7AC}"
EndProject
Project("{2150E333-8FDC-42A3-9474-1A3956D46DE8}") = "Domain", "Domain", "{C9E87BBD-B4D0-4B3C-91C5-7B57DB2615FF}"
EndProject
Project("{2150E333-8FDC-42A3-9474-1A3956D46DE8}") = "Infrastructure", "Infrastructure", "{48FEF850-16BC-4094-A425-EDD9B6995B9C}"
EndProject
Project("{2150E333-8FDC-42A3-9474-1A3956D46DE8}") = "EventBus", "EventBus", "{BC45AD3E-F126-48BE-A672-A0ED255822DE}"
EndProject
Project("{2150E333-8FDC-42A3-9474-1A3956D46DE8}") = "BuildingBlocks", "BuildingBlocks", "{F59F93EA-44DF-4DF0-A16E-F8A45EEA1786}"
EndProject
Project("{2150E333-8FDC-42A3-9474-1A3956D46DE8}") = "Notification", "Notification", "{440A76FD-8BBC-49E3-9FAD-9E16A63D970B}"
EndProject
Project("{2150E333-8FDC-42A3-9474-1A3956D46DE8}") = "ExternalApi", "ExternalApi", "{A3988606-2BAD-466C-842B-A9AEFB04374F}"
EndProject
Project("{2150E333-8FDC-42A3-9474-1A3956D46DE8}") = "Telegram", "Telegram", "{03342F07-B313-4C2B-854A-18DE8F74D92E}"
EndProject
Project("{2150E333-8FDC-42A3-9474-1A3956D46DE8}") = "Mail", "Mail", "{60A32E02-56AA-4C43-8CD8-1119907B39D2}"
EndProject
Project("{2150E333-8FDC-42A3-9474-1A3956D46DE8}") = "Presentation", "Presentation", "{62CEF2CE-8380-4185-9F3C-52C15A4AAFC8}"
EndProject
Project("{2150E333-8FDC-42A3-9474-1A3956D46DE8}") = "Test", "Test", "{BC8AC869-264C-4D05-944B-16D483CA85AC}"
EndProject
Project("{FAE04EC0-301F-11D3-BF4B-00C04F79EFBC}") = "CakeStore.Infrastructure", "CakeStore.Infrastructure\CakeStore.Infrastructure.csproj", "{6B32F088-EBCA-4864-A0D3-1CEB24EA5D01}"
EndProject
Project("{FAE04EC0-301F-11D3-BF4B-00C04F79EFBC}") = "CakeStore.Domain", "CakeStore.Domain\CakeStore.Domain.csproj", "{15DF4800-B586-476E-A5DA-306316FD0885}"
EndProject
Project("{FAE04EC0-301F-11D3-BF4B-00C04F79EFBC}") = "CakeStore.Application", "CakeStore.Application\CakeStore.Application.csproj", "{D3E4285D-5122-4DCD-9EC2-C3A75B2321E9}"
EndProject
Project("{FAE04EC0-301F-11D3-BF4B-00C04F79EFBC}") = "CakeStore.Tests", "CakeStore.Tests\CakeStore.Tests.csproj", "{8A365CCD-71D5-4210-A01A-F0EB5CFBDA80}"
EndProject
Project("{2150E333-8FDC-42A3-9474-1A3956D46DE8}") = "Common", "Common", "{7C0CEED9-B6AB-49FC-9030-3E39E0590A51}"
EndProject
Project("{FAE04EC0-301F-11D3-BF4B-00C04F79EFBC}") = "Shared.Common", "Shared.Common\Shared.Common.csproj", "{29B83BF9-F321-4E98-A45F-734B3F118446}"
EndProject
Project("{FAE04EC0-301F-11D3-BF4B-00C04F79EFBC}") = "Shared.Domain", "Shared.Domain\Shared.Domain.csproj", "{0485FD86-90FD-4D3A-B1F5-6587F3A89962}"
EndProject
Project("{FAE04EC0-301F-11D3-BF4B-00C04F79EFBC}") = "Shared.Presentation", "Shared.Presentation\Shared.Presentation.csproj", "{BBDF8278-3BAD-465B-A8B5-6720F757218A}"
EndProject
Project("{FAE04EC0-301F-11D3-BF4B-00C04F79EFBC}") = "Shared.Data", "Shared.Data\Shared.Data.csproj", "{93753CAE-ADEF-44B7-A818-9DE2F6CF07EE}"
EndProject
Global
	GlobalSection(SolutionConfigurationPlatforms) = preSolution
		Debug|Any CPU = Debug|Any CPU
		Release|Any CPU = Release|Any CPU
	EndGlobalSection
	GlobalSection(ProjectConfigurationPlatforms) = postSolution
		{A5D87DB4-F1DC-4664-9BB5-97EE34DA3C44}.Debug|Any CPU.ActiveCfg = Debug|Any CPU
		{A5D87DB4-F1DC-4664-9BB5-97EE34DA3C44}.Debug|Any CPU.Build.0 = Debug|Any CPU
		{A5D87DB4-F1DC-4664-9BB5-97EE34DA3C44}.Release|Any CPU.ActiveCfg = Release|Any CPU
		{A5D87DB4-F1DC-4664-9BB5-97EE34DA3C44}.Release|Any CPU.Build.0 = Release|Any CPU
		{6B32F088-EBCA-4864-A0D3-1CEB24EA5D01}.Debug|Any CPU.ActiveCfg = Debug|Any CPU
		{6B32F088-EBCA-4864-A0D3-1CEB24EA5D01}.Debug|Any CPU.Build.0 = Debug|Any CPU
		{6B32F088-EBCA-4864-A0D3-1CEB24EA5D01}.Release|Any CPU.ActiveCfg = Release|Any CPU
		{6B32F088-EBCA-4864-A0D3-1CEB24EA5D01}.Release|Any CPU.Build.0 = Release|Any CPU
		{15DF4800-B586-476E-A5DA-306316FD0885}.Debug|Any CPU.ActiveCfg = Debug|Any CPU
		{15DF4800-B586-476E-A5DA-306316FD0885}.Debug|Any CPU.Build.0 = Debug|Any CPU
		{15DF4800-B586-476E-A5DA-306316FD0885}.Release|Any CPU.ActiveCfg = Release|Any CPU
		{15DF4800-B586-476E-A5DA-306316FD0885}.Release|Any CPU.Build.0 = Release|Any CPU
		{D3E4285D-5122-4DCD-9EC2-C3A75B2321E9}.Debug|Any CPU.ActiveCfg = Debug|Any CPU
		{D3E4285D-5122-4DCD-9EC2-C3A75B2321E9}.Debug|Any CPU.Build.0 = Debug|Any CPU
		{D3E4285D-5122-4DCD-9EC2-C3A75B2321E9}.Release|Any CPU.ActiveCfg = Release|Any CPU
		{D3E4285D-5122-4DCD-9EC2-C3A75B2321E9}.Release|Any CPU.Build.0 = Release|Any CPU
		{8A365CCD-71D5-4210-A01A-F0EB5CFBDA80}.Debug|Any CPU.ActiveCfg = Debug|Any CPU
		{8A365CCD-71D5-4210-A01A-F0EB5CFBDA80}.Debug|Any CPU.Build.0 = Debug|Any CPU
		{8A365CCD-71D5-4210-A01A-F0EB5CFBDA80}.Release|Any CPU.ActiveCfg = Release|Any CPU
		{8A365CCD-71D5-4210-A01A-F0EB5CFBDA80}.Release|Any CPU.Build.0 = Release|Any CPU
		{29B83BF9-F321-4E98-A45F-734B3F118446}.Debug|Any CPU.ActiveCfg = Debug|Any CPU
		{29B83BF9-F321-4E98-A45F-734B3F118446}.Debug|Any CPU.Build.0 = Debug|Any CPU
		{29B83BF9-F321-4E98-A45F-734B3F118446}.Release|Any CPU.ActiveCfg = Release|Any CPU
		{29B83BF9-F321-4E98-A45F-734B3F118446}.Release|Any CPU.Build.0 = Release|Any CPU
		{0485FD86-90FD-4D3A-B1F5-6587F3A89962}.Debug|Any CPU.ActiveCfg = Debug|Any CPU
		{0485FD86-90FD-4D3A-B1F5-6587F3A89962}.Debug|Any CPU.Build.0 = Debug|Any CPU
		{0485FD86-90FD-4D3A-B1F5-6587F3A89962}.Release|Any CPU.ActiveCfg = Release|Any CPU
		{0485FD86-90FD-4D3A-B1F5-6587F3A89962}.Release|Any CPU.Build.0 = Release|Any CPU
		{BBDF8278-3BAD-465B-A8B5-6720F757218A}.Debug|Any CPU.ActiveCfg = Debug|Any CPU
		{BBDF8278-3BAD-465B-A8B5-6720F757218A}.Debug|Any CPU.Build.0 = Debug|Any CPU
		{BBDF8278-3BAD-465B-A8B5-6720F757218A}.Release|Any CPU.ActiveCfg = Release|Any CPU
		{BBDF8278-3BAD-465B-A8B5-6720F757218A}.Release|Any CPU.Build.0 = Release|Any CPU
		{93753CAE-ADEF-44B7-A818-9DE2F6CF07EE}.Debug|Any CPU.ActiveCfg = Debug|Any CPU
		{93753CAE-ADEF-44B7-A818-9DE2F6CF07EE}.Debug|Any CPU.Build.0 = Debug|Any CPU
		{93753CAE-ADEF-44B7-A818-9DE2F6CF07EE}.Release|Any CPU.ActiveCfg = Release|Any CPU
		{93753CAE-ADEF-44B7-A818-9DE2F6CF07EE}.Release|Any CPU.Build.0 = Release|Any CPU
	EndGlobalSection
	GlobalSection(NestedProjects) = preSolution
		{BC45AD3E-F126-48BE-A672-A0ED255822DE} = {016EC036-5CBE-469F-82C5-4F7405AB91A8}
		{F59F93EA-44DF-4DF0-A16E-F8A45EEA1786} = {016EC036-5CBE-469F-82C5-4F7405AB91A8}
		{440A76FD-8BBC-49E3-9FAD-9E16A63D970B} = {016EC036-5CBE-469F-82C5-4F7405AB91A8}
		{48FEF850-16BC-4094-A425-EDD9B6995B9C} = {57F3A4B9-C28D-4898-8C05-D7E9F0CEB403}
		{C9E87BBD-B4D0-4B3C-91C5-7B57DB2615FF} = {57F3A4B9-C28D-4898-8C05-D7E9F0CEB403}
		{B7C93F8E-AFE5-4404-9140-76754CD3C7AC} = {57F3A4B9-C28D-4898-8C05-D7E9F0CEB403}
		{03342F07-B313-4C2B-854A-18DE8F74D92E} = {A3988606-2BAD-466C-842B-A9AEFB04374F}
		{60A32E02-56AA-4C43-8CD8-1119907B39D2} = {A3988606-2BAD-466C-842B-A9AEFB04374F}
		{62CEF2CE-8380-4185-9F3C-52C15A4AAFC8} = {57F3A4B9-C28D-4898-8C05-D7E9F0CEB403}
		{BC8AC869-264C-4D05-944B-16D483CA85AC} = {57F3A4B9-C28D-4898-8C05-D7E9F0CEB403}
		{6B32F088-EBCA-4864-A0D3-1CEB24EA5D01} = {48FEF850-16BC-4094-A425-EDD9B6995B9C}
		{15DF4800-B586-476E-A5DA-306316FD0885} = {C9E87BBD-B4D0-4B3C-91C5-7B57DB2615FF}
		{D3E4285D-5122-4DCD-9EC2-C3A75B2321E9} = {B7C93F8E-AFE5-4404-9140-76754CD3C7AC}
		{A5D87DB4-F1DC-4664-9BB5-97EE34DA3C44} = {62CEF2CE-8380-4185-9F3C-52C15A4AAFC8}
		{8A365CCD-71D5-4210-A01A-F0EB5CFBDA80} = {BC8AC869-264C-4D05-944B-16D483CA85AC}
		{7C0CEED9-B6AB-49FC-9030-3E39E0590A51} = {016EC036-5CBE-469F-82C5-4F7405AB91A8}
		{29B83BF9-F321-4E98-A45F-734B3F118446} = {7C0CEED9-B6AB-49FC-9030-3E39E0590A51}
		{0485FD86-90FD-4D3A-B1F5-6587F3A89962} = {7C0CEED9-B6AB-49FC-9030-3E39E0590A51}
		{BBDF8278-3BAD-465B-A8B5-6720F757218A} = {7C0CEED9-B6AB-49FC-9030-3E39E0590A51}
		{93753CAE-ADEF-44B7-A818-9DE2F6CF07EE} = {7C0CEED9-B6AB-49FC-9030-3E39E0590A51}
	EndGlobalSection
EndGlobal
